
Microsoft Visual Studio Solution File, Format Version 12.00
# Visual Studio Version 17
VisualStudioVersion = 17.11.35303.130
MinimumVisualStudioVersion = 10.0.40219.1
Project("{FAE04EC0-301F-11D3-BF4B-00C04F79EFBC}") = "TeaShopOrderSystem", "TeaShopOrderSystem\TeaShopOrderSystem.csproj", "{A54595E7-37CF-4BD5-AF8A-81BFAB32C211}"
EndProject
Global
	GlobalSection(SolutionConfigurationPlatforms) = preSolution
		Debug|Any CPU = Debug|Any CPU
		Release|Any CPU = Release|Any CPU
	EndGlobalSection
	GlobalSection(ProjectConfigurationPlatforms) = postSolution
		{A54595E7-37CF-4BD5-AF8A-81BFAB32C211}.Debug|Any CPU.ActiveCfg = Debug|Any CPU
		{A54595E7-37CF-4BD5-AF8A-81BFAB32C211}.Debug|Any CPU.Build.0 = Debug|Any CPU
		{A54595E7-37CF-4BD5-AF8A-81BFAB32C211}.Release|Any CPU.ActiveCfg = Release|Any CPU
		{A54595E7-37CF-4BD5-AF8A-81BFAB32C211}.Release|Any CPU.Build.0 = Release|Any CPU
	EndGlobalSection
	GlobalSection(SolutionProperties) = preSolution
		HideSolutionNode = FALSE
	EndGlobalSection
	GlobalSection(ExtensibilityGlobals) = postSolution
		SolutionGuid = {19CA3E02-F911-46C0-8B12-8AA7A6AE47F6}
	EndGlobalSection
EndGlobal
